
Microsoft Visual Studio Solution File, Format Version 12.00
# Visual Studio Version 16
VisualStudioVersion = 16.0.32630.194
MinimumVisualStudioVersion = 10.0.40219.1
Project("{FAE04EC0-301F-11D3-BF4B-00C04F79EFBC}") = "ControllTask", "ControllTask\ControllTask.csproj", "{B7F5270C-F5C6-417C-B8F9-1C9CE579B1D6}"
EndProject
Global
	GlobalSection(SolutionConfigurationPlatforms) = preSolution
		Debug|Any CPU = Debug|Any CPU
		Release|Any CPU = Release|Any CPU
	EndGlobalSection
	GlobalSection(ProjectConfigurationPlatforms) = postSolution
		{B7F5270C-F5C6-417C-B8F9-1C9CE579B1D6}.Debug|Any CPU.ActiveCfg = Debug|Any CPU
		{B7F5270C-F5C6-417C-B8F9-1C9CE579B1D6}.Debug|Any CPU.Build.0 = Debug|Any CPU
		{B7F5270C-F5C6-417C-B8F9-1C9CE579B1D6}.Release|Any CPU.ActiveCfg = Release|Any CPU
		{B7F5270C-F5C6-417C-B8F9-1C9CE579B1D6}.Release|Any CPU.Build.0 = Release|Any CPU
	EndGlobalSection
	GlobalSection(SolutionProperties) = preSolution
		HideSolutionNode = FALSE
	EndGlobalSection
	GlobalSection(ExtensibilityGlobals) = postSolution
		SolutionGuid = {69F69574-A7F1-40BC-A1FB-80BE88BDA57B}
	EndGlobalSection
EndGlobal
